
Microsoft Visual Studio Solution File, Format Version 12.00
# Visual Studio Version 16
VisualStudioVersion = 16.0.29001.49
MinimumVisualStudioVersion = 10.0.40219.1
Project("{FAE04EC0-301F-11D3-BF4B-00C04F79EFBC}") = "InputFormatCheck", "InputFormatCheck\InputFormatCheck.csproj", "{34D68467-AD2F-41AC-8C62-B9D00142077B}"
EndProject
Project("{FAE04EC0-301F-11D3-BF4B-00C04F79EFBC}") = "InputFormatTest", "InputFormatTest\InputFormatTest.csproj", "{AF207010-88D9-4025-9167-C8095959A05F}"
EndProject
Global
	GlobalSection(SolutionConfigurationPlatforms) = preSolution
		Debug|Any CPU = Debug|Any CPU
		Release|Any CPU = Release|Any CPU
	EndGlobalSection
	GlobalSection(ProjectConfigurationPlatforms) = postSolution
		{34D68467-AD2F-41AC-8C62-B9D00142077B}.Debug|Any CPU.ActiveCfg = Debug|Any CPU
		{34D68467-AD2F-41AC-8C62-B9D00142077B}.Debug|Any CPU.Build.0 = Debug|Any CPU
		{34D68467-AD2F-41AC-8C62-B9D00142077B}.Release|Any CPU.ActiveCfg = Release|Any CPU
		{34D68467-AD2F-41AC-8C62-B9D00142077B}.Release|Any CPU.Build.0 = Release|Any CPU
		{AF207010-88D9-4025-9167-C8095959A05F}.Debug|Any CPU.ActiveCfg = Debug|Any CPU
		{AF207010-88D9-4025-9167-C8095959A05F}.Debug|Any CPU.Build.0 = Debug|Any CPU
		{AF207010-88D9-4025-9167-C8095959A05F}.Release|Any CPU.ActiveCfg = Release|Any CPU
		{AF207010-88D9-4025-9167-C8095959A05F}.Release|Any CPU.Build.0 = Release|Any CPU
	EndGlobalSection
	GlobalSection(SolutionProperties) = preSolution
		HideSolutionNode = FALSE
	EndGlobalSection
	GlobalSection(ExtensibilityGlobals) = postSolution
		SolutionGuid = {D4E2B714-A21E-4F9D-AA79-7951E4B2E52D}
	EndGlobalSection
EndGlobal
